
Microsoft Visual Studio Solution File, Format Version 12.00
# Visual Studio 14
VisualStudioVersion = 14.0.25420.1
MinimumVisualStudioVersion = 10.0.40219.1
Project("{8BB2217D-0F2D-49D1-97BC-3654ED321F3B}") = "EFGetStarted.ConsoleApp", "EFGetStarted.ConsoleApp\EFGetStarted.ConsoleApp.xproj", "{805C1F95-68CB-4500-BDB1-667BB4ED5DF4}"
EndProject
Project("{8BB2217D-0F2D-49D1-97BC-3654ED321F3B}") = "EFGetStarted.ConsoleApp.ExistingDb", "EFGetStarted.ConsoleApp.ExistingDb\EFGetStarted.ConsoleApp.ExistingDb.xproj", "{C1DECB4B-1EE0-4EB8-BD97-96E55C1F865D}"
EndProject
Project("{8BB2217D-0F2D-49D1-97BC-3654ED321F3B}") = "EFGetStarted.ConsoleApp.SQLite", "EFGetStarted.ConsoleApp.SQLite\EFGetStarted.ConsoleApp.SQLite.xproj", "{1409217F-5152-473E-A6BE-1AE67199C440}"
EndProject
Project("{8BB2217D-0F2D-49D1-97BC-3654ED321F3B}") = "EFGetStarted.ConsoleApp.RelationshipsMany-to-many", "EFGetStarted.ConsoleApp.RelationshipsMany-to-many\EFGetStarted.ConsoleApp.RelationshipsMany-to-many.xproj", "{385D005C-B47A-474F-810A-96830313F1DC}"
EndProject
Project("{8BB2217D-0F2D-49D1-97BC-3654ED321F3B}") = "EFGetStarted.ConsoleApp.RelationshipsOne-to-one", "EFGetStarted.ConsoleApp.RelationshipsOne-to-one\EFGetStarted.ConsoleApp.RelationshipsOne-to-one.xproj", "{D899780D-EEDB-4F2B-9F59-8460076594E0}"
EndProject
Project("{8BB2217D-0F2D-49D1-97BC-3654ED321F3B}") = "EFGetStarted.ConsoleApp.RelationshipsCascadeDelete", "EFGetStarted.ConsoleApp.RelationshipsCascadeDelete\EFGetStarted.ConsoleApp.RelationshipsCascadeDelete.xproj", "{12E77798-88B9-48CA-87F6-7276CE54852F}"
EndProject
Project("{8BB2217D-0F2D-49D1-97BC-3654ED321F3B}") = "EFGetStarted.ConsoleApp.RelationshipsRequired", "EFGetStarted.ConsoleApp.RelationshipsRequired\EFGetStarted.ConsoleApp.RelationshipsRequired.xproj", "{A3005C5E-C16D-4A1B-977F-0DF94F0CEBF0}"
EndProject
Project("{8BB2217D-0F2D-49D1-97BC-3654ED321F3B}") = "EFGetStarted.ConsoleApp.RelationshipsPrincipalKey", "EFGetStarted.ConsoleApp.RelationshipsPrincipalKey\EFGetStarted.ConsoleApp.RelationshipsPrincipalKey.xproj", "{5C1DE69F-F9F7-41C8-99EF-733410E11FF4}"
EndProject
Global
	GlobalSection(SolutionConfigurationPlatforms) = preSolution
		Debug|Any CPU = Debug|Any CPU
		Release|Any CPU = Release|Any CPU
	EndGlobalSection
	GlobalSection(ProjectConfigurationPlatforms) = postSolution
		{805C1F95-68CB-4500-BDB1-667BB4ED5DF4}.Debug|Any CPU.ActiveCfg = Debug|Any CPU
		{805C1F95-68CB-4500-BDB1-667BB4ED5DF4}.Debug|Any CPU.Build.0 = Debug|Any CPU
		{805C1F95-68CB-4500-BDB1-667BB4ED5DF4}.Release|Any CPU.ActiveCfg = Release|Any CPU
		{805C1F95-68CB-4500-BDB1-667BB4ED5DF4}.Release|Any CPU.Build.0 = Release|Any CPU
		{C1DECB4B-1EE0-4EB8-BD97-96E55C1F865D}.Debug|Any CPU.ActiveCfg = Debug|Any CPU
		{C1DECB4B-1EE0-4EB8-BD97-96E55C1F865D}.Debug|Any CPU.Build.0 = Debug|Any CPU
		{C1DECB4B-1EE0-4EB8-BD97-96E55C1F865D}.Release|Any CPU.ActiveCfg = Release|Any CPU
		{C1DECB4B-1EE0-4EB8-BD97-96E55C1F865D}.Release|Any CPU.Build.0 = Release|Any CPU
		{1409217F-5152-473E-A6BE-1AE67199C440}.Debug|Any CPU.ActiveCfg = Debug|Any CPU
		{1409217F-5152-473E-A6BE-1AE67199C440}.Debug|Any CPU.Build.0 = Debug|Any CPU
		{1409217F-5152-473E-A6BE-1AE67199C440}.Release|Any CPU.ActiveCfg = Release|Any CPU
		{1409217F-5152-473E-A6BE-1AE67199C440}.Release|Any CPU.Build.0 = Release|Any CPU
		{385D005C-B47A-474F-810A-96830313F1DC}.Debug|Any CPU.ActiveCfg = Debug|Any CPU
		{385D005C-B47A-474F-810A-96830313F1DC}.Debug|Any CPU.Build.0 = Debug|Any CPU
		{385D005C-B47A-474F-810A-96830313F1DC}.Release|Any CPU.ActiveCfg = Release|Any CPU
		{385D005C-B47A-474F-810A-96830313F1DC}.Release|Any CPU.Build.0 = Release|Any CPU
		{D899780D-EEDB-4F2B-9F59-8460076594E0}.Debug|Any CPU.ActiveCfg = Debug|Any CPU
		{D899780D-EEDB-4F2B-9F59-8460076594E0}.Debug|Any CPU.Build.0 = Debug|Any CPU
		{D899780D-EEDB-4F2B-9F59-8460076594E0}.Release|Any CPU.ActiveCfg = Release|Any CPU
		{D899780D-EEDB-4F2B-9F59-8460076594E0}.Release|Any CPU.Build.0 = Release|Any CPU
		{12E77798-88B9-48CA-87F6-7276CE54852F}.Debug|Any CPU.ActiveCfg = Debug|Any CPU
		{12E77798-88B9-48CA-87F6-7276CE54852F}.Debug|Any CPU.Build.0 = Debug|Any CPU
		{12E77798-88B9-48CA-87F6-7276CE54852F}.Release|Any CPU.ActiveCfg = Release|Any CPU
		{12E77798-88B9-48CA-87F6-7276CE54852F}.Release|Any CPU.Build.0 = Release|Any CPU
		{A3005C5E-C16D-4A1B-977F-0DF94F0CEBF0}.Debug|Any CPU.ActiveCfg = Debug|Any CPU
		{A3005C5E-C16D-4A1B-977F-0DF94F0CEBF0}.Debug|Any CPU.Build.0 = Debug|Any CPU
		{A3005C5E-C16D-4A1B-977F-0DF94F0CEBF0}.Release|Any CPU.ActiveCfg = Release|Any CPU
		{A3005C5E-C16D-4A1B-977F-0DF94F0CEBF0}.Release|Any CPU.Build.0 = Release|Any CPU
		{5C1DE69F-F9F7-41C8-99EF-733410E11FF4}.Debug|Any CPU.ActiveCfg = Debug|Any CPU
		{5C1DE69F-F9F7-41C8-99EF-733410E11FF4}.Debug|Any CPU.Build.0 = Debug|Any CPU
		{5C1DE69F-F9F7-41C8-99EF-733410E11FF4}.Release|Any CPU.ActiveCfg = Release|Any CPU
		{5C1DE69F-F9F7-41C8-99EF-733410E11FF4}.Release|Any CPU.Build.0 = Release|Any CPU
	EndGlobalSection
	GlobalSection(SolutionProperties) = preSolution
		HideSolutionNode = FALSE
	EndGlobalSection
EndGlobal
